// !$*UTF8*$!
{
	archiveVersion = 1;
	classes = {
	};
	objectVersion = 46;
	objects = {

/* Begin PBXBuildFile section */
		010ACBA5C5524C84B2BD9820 /* PassKit.framework in Frameworks */ = {isa = PBXBuildFile; fileRef = 221AB6B4405B4AE9B5D0B909 /* PassKit.framework */; };
		0207DA581B56EA530066E2B4 /* Images.xcassets in Resources */ = {isa = PBXBuildFile; fileRef = 0207DA571B56EA530066E2B4 /* Images.xcassets */; };
		06C19F73385A4C99B122D9E6 /* CDVCamera.m in Sources */ = {isa = PBXBuildFile; fileRef = E63ED84C2EF5449CA5557B77 /* CDVCamera.m */; };
		09F9D10DD9AC4356A7C7B0C0 /* RMStore.m in Sources */ = {isa = PBXBuildFile; fileRef = 4B2431662C8846F3B4AD4945 /* RMStore.m */; };
		1D3623260D0F684500981E51 /* AppDelegate.m in Sources */ = {isa = PBXBuildFile; fileRef = 1D3623250D0F684500981E51 /* AppDelegate.m */; };
		1D60589B0D05DD56006BFB54 /* main.m in Sources */ = {isa = PBXBuildFile; fileRef = 29B97316FDCFA39411CA2CEA /* main.m */; };
		1D98DC73363044199C0D8A32 /* CDVUIInAppBrowser.m in Sources */ = {isa = PBXBuildFile; fileRef = 86D3FC853AF1414AAA4DC7E9 /* CDVUIInAppBrowser.m */; };
		29048AB7C55E4219A00A7081 /* AVFoundation.framework in Frameworks */ = {isa = PBXBuildFile; fileRef = 4EE9B07E793C47768B2E754B /* AVFoundation.framework */; };
		2A64B1D6D0014778A260AFD3 /* CDVWKInAppBrowser.m in Sources */ = {isa = PBXBuildFile; fileRef = 91EEBA1FCCC84B5394DA1B8F /* CDVWKInAppBrowser.m */; };
		301BF552109A68D80062928A /* libCordova.a in Frameworks */ = {isa = PBXBuildFile; fileRef = 301BF535109A57CC0062928A /* libCordova.a */; settings = {ATTRIBUTES = (Required, ); }; };
		302D95F114D2391D003F00A1 /* MainViewController.m in Sources */ = {isa = PBXBuildFile; fileRef = 302D95EF14D2391D003F00A1 /* MainViewController.m */; };
		302D95F214D2391D003F00A1 /* MainViewController.xib in Resources */ = {isa = PBXBuildFile; fileRef = 302D95F014D2391D003F00A1 /* MainViewController.xib */; };
		33C717298684433795052517 /* CDVJpegHeaderWriter.m in Sources */ = {isa = PBXBuildFile; fileRef = 81E0EDFE3A8E422B9985303B /* CDVJpegHeaderWriter.m */; };
		3722F13F92F64EFABCA2B67D /* CDVDevice.m in Sources */ = {isa = PBXBuildFile; fileRef = 36CDE67513024C9C9218D1FE /* CDVDevice.m */; };
		3FD3E18AD7EA4FC9B2383394 /* ImageIO.framework in Frameworks */ = {isa = PBXBuildFile; fileRef = F48999C076C8481D854EB1D1 /* ImageIO.framework */; settings = {ATTRIBUTES = (Weak, ); }; };
		406737055FB6491888BEE8B2 /* CDVFileTransfer.m in Sources */ = {isa = PBXBuildFile; fileRef = D70E7554BAB34D4F9F077C8B /* CDVFileTransfer.m */; };
		56B3991D440A413984B6D889 /* CDVSplashScreen.m in Sources */ = {isa = PBXBuildFile; fileRef = 0E7ABB55A8FA456C8AA72574 /* CDVSplashScreen.m */; };
		5DE347E474544CD28F9B0A10 /* CDVFile.m in Sources */ = {isa = PBXBuildFile; fileRef = 1D6688FC1DD14937AB154954 /* CDVFile.m */; };
		61DC95DCA4374D8DAE1FDB56 /* Social.framework in Frameworks */ = {isa = PBXBuildFile; fileRef = 8F6969AD10314EE0A21D7E63 /* Social.framework */; settings = {ATTRIBUTES = (Weak, ); }; };
		6AFF5BF91D6E424B00AB3073 /* CDVLaunchScreen.storyboard in Resources */ = {isa = PBXBuildFile; fileRef = 6AFF5BF81D6E424B00AB3073 /* CDVLaunchScreen.storyboard */; };
		6F8C2728C0EF402982A29203 /* CDVInAppBrowserNavigationController.m in Sources */ = {isa = PBXBuildFile; fileRef = 054A08809C9B4A958BCFA228 /* CDVInAppBrowserNavigationController.m */; };
		792C1A823BBF4484AF7E5554 /* CDVAssetLibraryFilesystem.m in Sources */ = {isa = PBXBuildFile; fileRef = A1545A6A55B248F68747A9AF /* CDVAssetLibraryFilesystem.m */; };
		7E7F3C4520F5494AA9A04EEA /* NSString+SSURLEncoding.m in Sources */ = {isa = PBXBuildFile; fileRef = 88624CE1F5714DCE9500397C /* NSString+SSURLEncoding.m */; };
		85D625E7EB9243348FA7000F /* CDVWKWebViewUIDelegate.m in Sources */ = {isa = PBXBuildFile; fileRef = 9F2B25CA0F3A43C590977769 /* CDVWKWebViewUIDelegate.m */; };
		8872C05FD6C24E308FB573E6 /* CDVIonicKeyboard.m in Sources */ = {isa = PBXBuildFile; fileRef = 0963B7A04A6240319373DB7B /* CDVIonicKeyboard.m */; };
		8C07803FB15C4228BB5216C4 /* CDVWKInAppBrowserUIDelegate.m in Sources */ = {isa = PBXBuildFile; fileRef = 2EC1DEC38DE9464FB8948E63 /* CDVWKInAppBrowserUIDelegate.m */; };
		8DE41E05BDF14DB58D98A08B /* CDVWKProcessPoolFactory.m in Sources */ = {isa = PBXBuildFile; fileRef = BBAC050BAE5747D59105194B /* CDVWKProcessPoolFactory.m */; };
		90390813CF344A4CAAFB4705 /* CoreLocation.framework in Frameworks */ = {isa = PBXBuildFile; fileRef = EB9B2932B12F44688FFF789B /* CoreLocation.framework */; };
		9A01CDB2B1C74C3597BE515F /* CDVWKWebViewEngine.m in Sources */ = {isa = PBXBuildFile; fileRef = 044C5E950E6A4E6C99C60412 /* CDVWKWebViewEngine.m */; };
		A88BCDE6218E43C0949B81FE /* WebKit.framework in Frameworks */ = {isa = PBXBuildFile; fileRef = B833433C8CE34C859B51140E /* WebKit.framework */; settings = {ATTRIBUTES = (Weak, ); }; };
		AD043DD42600475B95984C28 /* CDVStatusBar.m in Sources */ = {isa = PBXBuildFile; fileRef = 59DCAF27149A4D32AB786334 /* CDVStatusBar.m */; };
		B2AA58D067054B0C9CA0FC19 /* PaymentsPlugin.m in Sources */ = {isa = PBXBuildFile; fileRef = 5DF4C72672C54B52B9D2A506 /* PaymentsPlugin.m */; };
		C392F4DB490345068F252BD8 /* CDVInAppBrowser.m in Sources */ = {isa = PBXBuildFile; fileRef = 81BAD786C7FD4732A52F24CE /* CDVInAppBrowser.m */; };
		C8ED8417040B4ECD86AD679E /* SocialSharing.m in Sources */ = {isa = PBXBuildFile; fileRef = 0B1FF59A2B894EAD8BFAF5B6 /* SocialSharing.m */; };
		CB150C25C1AB4DF19D1730F8 /* Screenshot.m in Sources */ = {isa = PBXBuildFile; fileRef = 217B83F397754663B22334A4 /* Screenshot.m */; };
		CB73DFF3E216471489782428 /* UIImage+CropScaleOrientation.m in Sources */ = {isa = PBXBuildFile; fileRef = 885D0B57681E467CB82C7D7B /* UIImage+CropScaleOrientation.m */; };
		DFCE06D90D68472D9052C09A /* MessageUI.framework in Frameworks */ = {isa = PBXBuildFile; fileRef = 5426EE26170D4E868EB8517B /* MessageUI.framework */; settings = {ATTRIBUTES = (Weak, ); }; };
		E19AD5FD25AC4C92B652D2A2 /* CDVApplePay.m in Sources */ = {isa = PBXBuildFile; fileRef = F8F65F8127F74734B9D1C97E /* CDVApplePay.m */; };
		E6AA62D89DC84569A7656DEF /* IONAssetHandler.m in Sources */ = {isa = PBXBuildFile; fileRef = 13694CBE3B534C30866D79DE /* IONAssetHandler.m */; };
		E7098BE079914D2C95F36569 /* QRScanner.swift in Sources */ = {isa = PBXBuildFile; fileRef = 1F6BD9C43E20472AA745D6A7 /* QRScanner.swift */; };
		F074F4EB13A04000B2EB7DC7 /* StoreKit.framework in Frameworks */ = {isa = PBXBuildFile; fileRef = 23537527260D4C8BBB31B4BF /* StoreKit.framework */; };
		FCCE3A9C33A6425BAF9D8362 /* CDVLocalFilesystem.m in Sources */ = {isa = PBXBuildFile; fileRef = 819F2E4EB7A24ECD8B22A9F4 /* CDVLocalFilesystem.m */; };
		FD1D380EF92C4EBB913D3C1A /* CDVInAppBrowserOptions.m in Sources */ = {isa = PBXBuildFile; fileRef = A2ECC56D371C4FC2A3AB6379 /* CDVInAppBrowserOptions.m */; };
		FDFB4736279A4706977447C0 /* CDVViewController+SplashScreen.m in Sources */ = {isa = PBXBuildFile; fileRef = DCAE4E0F2058413EABF57B8C /* CDVViewController+SplashScreen.m */; };
/* End PBXBuildFile section */

/* Begin PBXContainerItemProxy section */
		301BF534109A57CC0062928A /* PBXContainerItemProxy */ = {
			isa = PBXContainerItemProxy;
			containerPortal = 301BF52D109A57CC0062928A /* CordovaLib.xcodeproj */;
			proxyType = 2;
			remoteGlobalIDString = D2AAC07E0554694100DB518D;
			remoteInfo = CordovaLib;
		};
		301BF550109A68C00062928A /* PBXContainerItemProxy */ = {
			isa = PBXContainerItemProxy;
			containerPortal = 301BF52D109A57CC0062928A /* CordovaLib.xcodeproj */;
			proxyType = 1;
			remoteGlobalIDString = D2AAC07D0554694100DB518D;
			remoteInfo = CordovaLib;
		};
		907D8123214C687600058A10 /* PBXContainerItemProxy */ = {
			isa = PBXContainerItemProxy;
			containerPortal = 301BF52D109A57CC0062928A /* CordovaLib.xcodeproj */;
			proxyType = 2;
			remoteGlobalIDString = C0C01EB21E3911D50056E6CB;
			remoteInfo = Cordova;
		};
/* End PBXContainerItemProxy section */

/* Begin PBXFileReference section */
		01173DCE882B450AB438CAFD /* Screenshot.h */ = {isa = PBXFileReference; explicitFileType = undefined; fileEncoding = 4; includeInIndex = 0; lastKnownFileType = sourcecode.c.h; name = Screenshot.h; path = com.darktalker.cordova.screenshot/Screenshot.h; sourceTree = "<group>"; };
		0207DA571B56EA530066E2B4 /* Images.xcassets */ = {isa = PBXFileReference; lastKnownFileType = folder.assetcatalog; name = Images.xcassets; path = "Invite Smart/Images.xcassets"; sourceTree = SOURCE_ROOT; };
		044C5E950E6A4E6C99C60412 /* CDVWKWebViewEngine.m */ = {isa = PBXFileReference; explicitFileType = undefined; fileEncoding = 4; includeInIndex = 0; lastKnownFileType = sourcecode.c.objc; name = CDVWKWebViewEngine.m; path = "cordova-plugin-ionic-webview/CDVWKWebViewEngine.m"; sourceTree = "<group>"; };
		054A08809C9B4A958BCFA228 /* CDVInAppBrowserNavigationController.m */ = {isa = PBXFileReference; explicitFileType = undefined; fileEncoding = 4; includeInIndex = 0; lastKnownFileType = sourcecode.c.objc; name = CDVInAppBrowserNavigationController.m; path = "cordova-plugin-inappbrowser/CDVInAppBrowserNavigationController.m"; sourceTree = "<group>"; };
		0776122C2FD545C29B4A56FC /* CDVApplePay.h */ = {isa = PBXFileReference; explicitFileType = undefined; fileEncoding = 4; includeInIndex = 0; lastKnownFileType = sourcecode.c.h; name = CDVApplePay.h; path = "cordova-plugin-applepay/CDVApplePay.h"; sourceTree = "<group>"; };
		0963B7A04A6240319373DB7B /* CDVIonicKeyboard.m */ = {isa = PBXFileReference; explicitFileType = undefined; fileEncoding = 4; includeInIndex = 0; lastKnownFileType = sourcecode.c.objc; name = CDVIonicKeyboard.m; path = "cordova-plugin-ionic-keyboard/CDVIonicKeyboard.m"; sourceTree = "<group>"; };
		0B1FF59A2B894EAD8BFAF5B6 /* SocialSharing.m */ = {isa = PBXFileReference; explicitFileType = undefined; fileEncoding = 4; includeInIndex = 0; lastKnownFileType = sourcecode.c.objc; name = SocialSharing.m; path = "cordova-plugin-x-socialsharing/SocialSharing.m"; sourceTree = "<group>"; };
		0E7ABB55A8FA456C8AA72574 /* CDVSplashScreen.m */ = {isa = PBXFileReference; explicitFileType = undefined; fileEncoding = 4; includeInIndex = 0; lastKnownFileType = sourcecode.c.objc; name = CDVSplashScreen.m; path = "cordova-plugin-splashscreen/CDVSplashScreen.m"; sourceTree = "<group>"; };
		13694CBE3B534C30866D79DE /* IONAssetHandler.m */ = {isa = PBXFileReference; explicitFileType = undefined; fileEncoding = 4; includeInIndex = 0; lastKnownFileType = sourcecode.c.objc; name = IONAssetHandler.m; path = "cordova-plugin-ionic-webview/IONAssetHandler.m"; sourceTree = "<group>"; };
		15209D5AD4C2453A99AA4F6B /* CDVViewController+SplashScreen.h */ = {isa = PBXFileReference; explicitFileType = undefined; fileEncoding = 4; includeInIndex = 0; lastKnownFileType = sourcecode.c.h; name = "CDVViewController+SplashScreen.h"; path = "cordova-plugin-splashscreen/CDVViewController+SplashScreen.h"; sourceTree = "<group>"; };
		1D3623240D0F684500981E51 /* AppDelegate.h */ = {isa = PBXFileReference; fileEncoding = 4; lastKnownFileType = sourcecode.c.h; path = AppDelegate.h; sourceTree = "<group>"; };
		1D3623250D0F684500981E51 /* AppDelegate.m */ = {isa = PBXFileReference; fileEncoding = 4; lastKnownFileType = sourcecode.c.objc; path = AppDelegate.m; sourceTree = "<group>"; };
		1D6058910D05DD3D006BFB54 /* Invite Smart.app */ = {isa = PBXFileReference; explicitFileType = wrapper.application; includeInIndex = 0; path = "Invite Smart.app"; sourceTree = BUILT_PRODUCTS_DIR; };
		1D6688FC1DD14937AB154954 /* CDVFile.m */ = {isa = PBXFileReference; explicitFileType = undefined; fileEncoding = 4; includeInIndex = 0; lastKnownFileType = sourcecode.c.objc; name = CDVFile.m; path = "cordova-plugin-file/CDVFile.m"; sourceTree = "<group>"; };
		1F6BD9C43E20472AA745D6A7 /* QRScanner.swift */ = {isa = PBXFileReference; explicitFileType = undefined; fileEncoding = 4; includeInIndex = 0; lastKnownFileType = sourcecode.swift; name = QRScanner.swift; path = "cordova-plugin-qrscanner/QRScanner.swift"; sourceTree = "<group>"; };
		217B83F397754663B22334A4 /* Screenshot.m */ = {isa = PBXFileReference; explicitFileType = undefined; fileEncoding = 4; includeInIndex = 0; lastKnownFileType = sourcecode.c.objc; name = Screenshot.m; path = com.darktalker.cordova.screenshot/Screenshot.m; sourceTree = "<group>"; };
		221AB6B4405B4AE9B5D0B909 /* PassKit.framework */ = {isa = PBXFileReference; explicitFileType = undefined; fileEncoding = 9; includeInIndex = 0; lastKnownFileType = wrapper.framework; name = PassKit.framework; path = System/Library/Frameworks/PassKit.framework; sourceTree = SDKROOT; };
		2345F132FB56447AA8952E65 /* CDVJpegHeaderWriter.h */ = {isa = PBXFileReference; explicitFileType = undefined; fileEncoding = 4; includeInIndex = 0; lastKnownFileType = sourcecode.c.h; name = CDVJpegHeaderWriter.h; path = "cordova-plugin-camera/CDVJpegHeaderWriter.h"; sourceTree = "<group>"; };
		23537527260D4C8BBB31B4BF /* StoreKit.framework */ = {isa = PBXFileReference; explicitFileType = undefined; fileEncoding = 9; includeInIndex = 0; lastKnownFileType = wrapper.framework; name = StoreKit.framework; path = System/Library/Frameworks/StoreKit.framework; sourceTree = SDKROOT; };
		29B97316FDCFA39411CA2CEA /* main.m */ = {isa = PBXFileReference; fileEncoding = 4; lastKnownFileType = sourcecode.c.objc; path = main.m; sourceTree = "<group>"; };
		2B51309BD0E64E4284A3C1BF /* CDVSplashScreen.h */ = {isa = PBXFileReference; explicitFileType = undefined; fileEncoding = 4; includeInIndex = 0; lastKnownFileType = sourcecode.c.h; name = CDVSplashScreen.h; path = "cordova-plugin-splashscreen/CDVSplashScreen.h"; sourceTree = "<group>"; };
		2BEEF87215764E02866A7FE8 /* RMStore.h */ = {isa = PBXFileReference; explicitFileType = undefined; fileEncoding = 4; includeInIndex = 0; lastKnownFileType = sourcecode.c.h; name = RMStore.h; path = "cordova-plugin-inapppurchase/RMStore.h"; sourceTree = "<group>"; };
		2EC1DEC38DE9464FB8948E63 /* CDVWKInAppBrowserUIDelegate.m */ = {isa = PBXFileReference; explicitFileType = undefined; fileEncoding = 4; includeInIndex = 0; lastKnownFileType = sourcecode.c.objc; name = CDVWKInAppBrowserUIDelegate.m; path = "cordova-plugin-inappbrowser/CDVWKInAppBrowserUIDelegate.m"; sourceTree = "<group>"; };
		301BF52D109A57CC0062928A /* CordovaLib.xcodeproj */ = {isa = PBXFileReference; lastKnownFileType = "wrapper.pb-project"; name = CordovaLib.xcodeproj; path = CordovaLib/CordovaLib.xcodeproj; sourceTree = "<group>"; };
		301BF56E109A69640062928A /* www */ = {isa = PBXFileReference; lastKnownFileType = folder; path = www; sourceTree = SOURCE_ROOT; };
		302D95EE14D2391D003F00A1 /* MainViewController.h */ = {isa = PBXFileReference; fileEncoding = 4; lastKnownFileType = sourcecode.c.h; path = MainViewController.h; sourceTree = "<group>"; };
		302D95EF14D2391D003F00A1 /* MainViewController.m */ = {isa = PBXFileReference; fileEncoding = 4; lastKnownFileType = sourcecode.c.objc; path = MainViewController.m; sourceTree = "<group>"; };
		302D95F014D2391D003F00A1 /* MainViewController.xib */ = {isa = PBXFileReference; fileEncoding = 4; lastKnownFileType = file.xib; path = MainViewController.xib; sourceTree = "<group>"; };
		3047A50F1AB8059700498E2A /* build-debug.xcconfig */ = {isa = PBXFileReference; fileEncoding = 4; lastKnownFileType = text.xcconfig; name = "build-debug.xcconfig"; path = "cordova/build-debug.xcconfig"; sourceTree = SOURCE_ROOT; };
		3047A5101AB8059700498E2A /* build-release.xcconfig */ = {isa = PBXFileReference; fileEncoding = 4; lastKnownFileType = text.xcconfig; name = "build-release.xcconfig"; path = "cordova/build-release.xcconfig"; sourceTree = SOURCE_ROOT; };
		3047A5111AB8059700498E2A /* build.xcconfig */ = {isa = PBXFileReference; fileEncoding = 4; lastKnownFileType = text.xcconfig; name = build.xcconfig; path = cordova/build.xcconfig; sourceTree = SOURCE_ROOT; };
		32CA4F630368D1EE00C91783 /* Invite Smart-Prefix.pch */ = {isa = PBXFileReference; fileEncoding = 4; lastKnownFileType = sourcecode.c.h; path = "Invite Smart-Prefix.pch"; sourceTree = "<group>"; };
		36CDE67513024C9C9218D1FE /* CDVDevice.m */ = {isa = PBXFileReference; explicitFileType = undefined; fileEncoding = 4; includeInIndex = 0; lastKnownFileType = sourcecode.c.objc; name = CDVDevice.m; path = "cordova-plugin-device/CDVDevice.m"; sourceTree = "<group>"; };
		3A4BBE985E6E45A38AD81757 /* CDVAssetLibraryFilesystem.h */ = {isa = PBXFileReference; explicitFileType = undefined; fileEncoding = 4; includeInIndex = 0; lastKnownFileType = sourcecode.c.h; name = CDVAssetLibraryFilesystem.h; path = "cordova-plugin-file/CDVAssetLibraryFilesystem.h"; sourceTree = "<group>"; };
		3BAACC0AF3A74631BF398FFB /* CDVWKProcessPoolFactory.h */ = {isa = PBXFileReference; explicitFileType = undefined; fileEncoding = 4; includeInIndex = 0; lastKnownFileType = sourcecode.c.h; name = CDVWKProcessPoolFactory.h; path = "cordova-plugin-ionic-webview/CDVWKProcessPoolFactory.h"; sourceTree = "<group>"; };
		3D83D86257714105842EE13E /* IONAssetHandler.h */ = {isa = PBXFileReference; explicitFileType = undefined; fileEncoding = 4; includeInIndex = 0; lastKnownFileType = sourcecode.c.h; name = IONAssetHandler.h; path = "cordova-plugin-ionic-webview/IONAssetHandler.h"; sourceTree = "<group>"; };
		4B2431662C8846F3B4AD4945 /* RMStore.m */ = {isa = PBXFileReference; explicitFileType = undefined; fileEncoding = 4; includeInIndex = 0; lastKnownFileType = sourcecode.c.objc; name = RMStore.m; path = "cordova-plugin-inapppurchase/RMStore.m"; sourceTree = "<group>"; };
		4B59E55EE90444CFAAA03BCB /* CDVFile.h */ = {isa = PBXFileReference; explicitFileType = undefined; fileEncoding = 4; includeInIndex = 0; lastKnownFileType = sourcecode.c.h; name = CDVFile.h; path = "cordova-plugin-file/CDVFile.h"; sourceTree = "<group>"; };
		4EE9B07E793C47768B2E754B /* AVFoundation.framework */ = {isa = PBXFileReference; explicitFileType = undefined; fileEncoding = 9; includeInIndex = 0; lastKnownFileType = wrapper.framework; name = AVFoundation.framework; path = System/Library/Frameworks/AVFoundation.framework; sourceTree = SDKROOT; };
		521778D61BB140F9ABC1F6D2 /* UIImage+CropScaleOrientation.h */ = {isa = PBXFileReference; explicitFileType = undefined; fileEncoding = 4; includeInIndex = 0; lastKnownFileType = sourcecode.c.h; name = "UIImage+CropScaleOrientation.h"; path = "cordova-plugin-camera/UIImage+CropScaleOrientation.h"; sourceTree = "<group>"; };
		5426EE26170D4E868EB8517B /* MessageUI.framework */ = {isa = PBXFileReference; explicitFileType = undefined; fileEncoding = 9; includeInIndex = 0; lastKnownFileType = wrapper.framework; name = MessageUI.framework; path = System/Library/Frameworks/MessageUI.framework; sourceTree = SDKROOT; };
		55A608FF796943A89CC0C9E4 /* CDVStatusBar.h */ = {isa = PBXFileReference; explicitFileType = undefined; fileEncoding = 4; includeInIndex = 0; lastKnownFileType = sourcecode.c.h; name = CDVStatusBar.h; path = "cordova-plugin-statusbar/CDVStatusBar.h"; sourceTree = "<group>"; };
		5608129245EA436E9A88F529 /* CDVDevice.h */ = {isa = PBXFileReference; explicitFileType = undefined; fileEncoding = 4; includeInIndex = 0; lastKnownFileType = sourcecode.c.h; name = CDVDevice.h; path = "cordova-plugin-device/CDVDevice.h"; sourceTree = "<group>"; };
		59DCAF27149A4D32AB786334 /* CDVStatusBar.m */ = {isa = PBXFileReference; explicitFileType = undefined; fileEncoding = 4; includeInIndex = 0; lastKnownFileType = sourcecode.c.objc; name = CDVStatusBar.m; path = "cordova-plugin-statusbar/CDVStatusBar.m"; sourceTree = "<group>"; };
		5C74848E0A2842CE8CF6EC19 /* CDVWKWebViewUIDelegate.h */ = {isa = PBXFileReference; explicitFileType = undefined; fileEncoding = 4; includeInIndex = 0; lastKnownFileType = sourcecode.c.h; name = CDVWKWebViewUIDelegate.h; path = "cordova-plugin-ionic-webview/CDVWKWebViewUIDelegate.h"; sourceTree = "<group>"; };
		5DF4C72672C54B52B9D2A506 /* PaymentsPlugin.m */ = {isa = PBXFileReference; explicitFileType = undefined; fileEncoding = 4; includeInIndex = 0; lastKnownFileType = sourcecode.c.objc; name = PaymentsPlugin.m; path = "cordova-plugin-inapppurchase/PaymentsPlugin.m"; sourceTree = "<group>"; };
		6AFF5BF81D6E424B00AB3073 /* CDVLaunchScreen.storyboard */ = {isa = PBXFileReference; fileEncoding = 4; lastKnownFileType = file.storyboard; name = CDVLaunchScreen.storyboard; path = "Invite Smart/CDVLaunchScreen.storyboard"; sourceTree = SOURCE_ROOT; };
		6FE2E01C8FC943A4AB8F2536 /* CDVWKInAppBrowserUIDelegate.h */ = {isa = PBXFileReference; explicitFileType = undefined; fileEncoding = 4; includeInIndex = 0; lastKnownFileType = sourcecode.c.h; name = CDVWKInAppBrowserUIDelegate.h; path = "cordova-plugin-inappbrowser/CDVWKInAppBrowserUIDelegate.h"; sourceTree = "<group>"; };
		78CCBBDF662247BCB76ABF80 /* SocialSharing.h */ = {isa = PBXFileReference; explicitFileType = undefined; fileEncoding = 4; includeInIndex = 0; lastKnownFileType = sourcecode.c.h; name = SocialSharing.h; path = "cordova-plugin-x-socialsharing/SocialSharing.h"; sourceTree = "<group>"; };
		819F2E4EB7A24ECD8B22A9F4 /* CDVLocalFilesystem.m */ = {isa = PBXFileReference; explicitFileType = undefined; fileEncoding = 4; includeInIndex = 0; lastKnownFileType = sourcecode.c.objc; name = CDVLocalFilesystem.m; path = "cordova-plugin-file/CDVLocalFilesystem.m"; sourceTree = "<group>"; };
		81BAD786C7FD4732A52F24CE /* CDVInAppBrowser.m */ = {isa = PBXFileReference; explicitFileType = undefined; fileEncoding = 4; includeInIndex = 0; lastKnownFileType = sourcecode.c.objc; name = CDVInAppBrowser.m; path = "cordova-plugin-inappbrowser/CDVInAppBrowser.m"; sourceTree = "<group>"; };
		81E0EDFE3A8E422B9985303B /* CDVJpegHeaderWriter.m */ = {isa = PBXFileReference; explicitFileType = undefined; fileEncoding = 4; includeInIndex = 0; lastKnownFileType = sourcecode.c.objc; name = CDVJpegHeaderWriter.m; path = "cordova-plugin-camera/CDVJpegHeaderWriter.m"; sourceTree = "<group>"; };
		86D3FC853AF1414AAA4DC7E9 /* CDVUIInAppBrowser.m */ = {isa = PBXFileReference; explicitFileType = undefined; fileEncoding = 4; includeInIndex = 0; lastKnownFileType = sourcecode.c.objc; name = CDVUIInAppBrowser.m; path = "cordova-plugin-inappbrowser/CDVUIInAppBrowser.m"; sourceTree = "<group>"; };
		885D0B57681E467CB82C7D7B /* UIImage+CropScaleOrientation.m */ = {isa = PBXFileReference; explicitFileType = undefined; fileEncoding = 4; includeInIndex = 0; lastKnownFileType = sourcecode.c.objc; name = "UIImage+CropScaleOrientation.m"; path = "cordova-plugin-camera/UIImage+CropScaleOrientation.m"; sourceTree = "<group>"; };
		88624CE1F5714DCE9500397C /* NSString+SSURLEncoding.m */ = {isa = PBXFileReference; explicitFileType = undefined; fileEncoding = 4; includeInIndex = 0; lastKnownFileType = sourcecode.c.objc; name = "NSString+SSURLEncoding.m"; path = "cordova-plugin-x-socialsharing/NSString+SSURLEncoding.m"; sourceTree = "<group>"; };
		8D1107310486CEB800E47090 /* Invite Smart-Info.plist */ = {isa = PBXFileReference; fileEncoding = 4; lastKnownFileType = text.plist.xml; name = "Invite Smart-Info.plist"; path = "Invite Smart/Invite Smart-Info.plist"; plistStructureDefinitionIdentifier = "com.apple.xcode.plist.structure-definition.iphone.info-plist"; sourceTree = SOURCE_ROOT; };
		8F6969AD10314EE0A21D7E63 /* Social.framework */ = {isa = PBXFileReference; explicitFileType = undefined; fileEncoding = 9; includeInIndex = 0; lastKnownFileType = wrapper.framework; name = Social.framework; path = System/Library/Frameworks/Social.framework; sourceTree = SDKROOT; };
		8FAFC96D01FA46488F8EF860 /* CDVCamera.h */ = {isa = PBXFileReference; explicitFileType = undefined; fileEncoding = 4; includeInIndex = 0; lastKnownFileType = sourcecode.c.h; name = CDVCamera.h; path = "cordova-plugin-camera/CDVCamera.h"; sourceTree = "<group>"; };
		91EEBA1FCCC84B5394DA1B8F /* CDVWKInAppBrowser.m */ = {isa = PBXFileReference; explicitFileType = undefined; fileEncoding = 4; includeInIndex = 0; lastKnownFileType = sourcecode.c.objc; name = CDVWKInAppBrowser.m; path = "cordova-plugin-inappbrowser/CDVWKInAppBrowser.m"; sourceTree = "<group>"; };
		9A0FB34C034E444CBA93FB6D /* NSString+SSURLEncoding.h */ = {isa = PBXFileReference; explicitFileType = undefined; fileEncoding = 4; includeInIndex = 0; lastKnownFileType = sourcecode.c.h; name = "NSString+SSURLEncoding.h"; path = "cordova-plugin-x-socialsharing/NSString+SSURLEncoding.h"; sourceTree = "<group>"; };
		9B3E20BCA57241A0B1AA32EC /* CDVExif.h */ = {isa = PBXFileReference; explicitFileType = undefined; fileEncoding = 4; includeInIndex = 0; lastKnownFileType = sourcecode.c.h; name = CDVExif.h; path = "cordova-plugin-camera/CDVExif.h"; sourceTree = "<group>"; };
		9EC447225A9C43078A4B09D1 /* CDVWKInAppBrowser.h */ = {isa = PBXFileReference; explicitFileType = undefined; fileEncoding = 4; includeInIndex = 0; lastKnownFileType = sourcecode.c.h; name = CDVWKInAppBrowser.h; path = "cordova-plugin-inappbrowser/CDVWKInAppBrowser.h"; sourceTree = "<group>"; };
		9F2B25CA0F3A43C590977769 /* CDVWKWebViewUIDelegate.m */ = {isa = PBXFileReference; explicitFileType = undefined; fileEncoding = 4; includeInIndex = 0; lastKnownFileType = sourcecode.c.objc; name = CDVWKWebViewUIDelegate.m; path = "cordova-plugin-ionic-webview/CDVWKWebViewUIDelegate.m"; sourceTree = "<group>"; };
		A1545A6A55B248F68747A9AF /* CDVAssetLibraryFilesystem.m */ = {isa = PBXFileReference; explicitFileType = undefined; fileEncoding = 4; includeInIndex = 0; lastKnownFileType = sourcecode.c.objc; name = CDVAssetLibraryFilesystem.m; path = "cordova-plugin-file/CDVAssetLibraryFilesystem.m"; sourceTree = "<group>"; };
		A2ECC56D371C4FC2A3AB6379 /* CDVInAppBrowserOptions.m */ = {isa = PBXFileReference; explicitFileType = undefined; fileEncoding = 4; includeInIndex = 0; lastKnownFileType = sourcecode.c.objc; name = CDVInAppBrowserOptions.m; path = "cordova-plugin-inappbrowser/CDVInAppBrowserOptions.m"; sourceTree = "<group>"; };
		AB4BA1CC36D5481788FF64BF /* CDVWKWebViewEngine.h */ = {isa = PBXFileReference; explicitFileType = undefined; fileEncoding = 4; includeInIndex = 0; lastKnownFileType = sourcecode.c.h; name = CDVWKWebViewEngine.h; path = "cordova-plugin-ionic-webview/CDVWKWebViewEngine.h"; sourceTree = "<group>"; };
		B833433C8CE34C859B51140E /* WebKit.framework */ = {isa = PBXFileReference; explicitFileType = undefined; fileEncoding = 9; includeInIndex = 0; lastKnownFileType = wrapper.framework; name = WebKit.framework; path = System/Library/Frameworks/WebKit.framework; sourceTree = SDKROOT; };
		BBAC050BAE5747D59105194B /* CDVWKProcessPoolFactory.m */ = {isa = PBXFileReference; explicitFileType = undefined; fileEncoding = 4; includeInIndex = 0; lastKnownFileType = sourcecode.c.objc; name = CDVWKProcessPoolFactory.m; path = "cordova-plugin-ionic-webview/CDVWKProcessPoolFactory.m"; sourceTree = "<group>"; };
		BEB3C4028F754C8B9682CB32 /* CDVLocalFilesystem.h */ = {isa = PBXFileReference; explicitFileType = undefined; fileEncoding = 4; includeInIndex = 0; lastKnownFileType = sourcecode.c.h; name = CDVLocalFilesystem.h; path = "cordova-plugin-file/CDVLocalFilesystem.h"; sourceTree = "<group>"; };
		BED81B890E30418B96025B41 /* PaymentsPlugin.h */ = {isa = PBXFileReference; explicitFileType = undefined; fileEncoding = 4; includeInIndex = 0; lastKnownFileType = sourcecode.c.h; name = PaymentsPlugin.h; path = "cordova-plugin-inapppurchase/PaymentsPlugin.h"; sourceTree = "<group>"; };
		C5763DF5F5E0405F80DE584B /* CDVFileTransfer.h */ = {isa = PBXFileReference; explicitFileType = undefined; fileEncoding = 4; includeInIndex = 0; lastKnownFileType = sourcecode.c.h; name = CDVFileTransfer.h; path = "cordova-plugin-file-transfer/CDVFileTransfer.h"; sourceTree = "<group>"; };
		D277DD737D9645B8B3DFC25E /* CDVUIInAppBrowser.h */ = {isa = PBXFileReference; explicitFileType = undefined; fileEncoding = 4; includeInIndex = 0; lastKnownFileType = sourcecode.c.h; name = CDVUIInAppBrowser.h; path = "cordova-plugin-inappbrowser/CDVUIInAppBrowser.h"; sourceTree = "<group>"; };
		D6FC836E033D4857BDE83B5A /* CDVInAppBrowserNavigationController.h */ = {isa = PBXFileReference; explicitFileType = undefined; fileEncoding = 4; includeInIndex = 0; lastKnownFileType = sourcecode.c.h; name = CDVInAppBrowserNavigationController.h; path = "cordova-plugin-inappbrowser/CDVInAppBrowserNavigationController.h"; sourceTree = "<group>"; };
		D70E7554BAB34D4F9F077C8B /* CDVFileTransfer.m */ = {isa = PBXFileReference; explicitFileType = undefined; fileEncoding = 4; includeInIndex = 0; lastKnownFileType = sourcecode.c.objc; name = CDVFileTransfer.m; path = "cordova-plugin-file-transfer/CDVFileTransfer.m"; sourceTree = "<group>"; };
		DCAE4E0F2058413EABF57B8C /* CDVViewController+SplashScreen.m */ = {isa = PBXFileReference; explicitFileType = undefined; fileEncoding = 4; includeInIndex = 0; lastKnownFileType = sourcecode.c.objc; name = "CDVViewController+SplashScreen.m"; path = "cordova-plugin-splashscreen/CDVViewController+SplashScreen.m"; sourceTree = "<group>"; };
		E63ED84C2EF5449CA5557B77 /* CDVCamera.m */ = {isa = PBXFileReference; explicitFileType = undefined; fileEncoding = 4; includeInIndex = 0; lastKnownFileType = sourcecode.c.objc; name = CDVCamera.m; path = "cordova-plugin-camera/CDVCamera.m"; sourceTree = "<group>"; };
		EB87FDF31871DA8E0020F90C /* www */ = {isa = PBXFileReference; lastKnownFileType = folder; name = www; path = ../../www; sourceTree = "<group>"; };
		EB87FDF41871DAF40020F90C /* config.xml */ = {isa = PBXFileReference; lastKnownFileType = text.xml; name = config.xml; path = ../../config.xml; sourceTree = "<group>"; };
		EB9B2932B12F44688FFF789B /* CoreLocation.framework */ = {isa = PBXFileReference; explicitFileType = undefined; fileEncoding = 9; includeInIndex = 0; lastKnownFileType = wrapper.framework; name = CoreLocation.framework; path = System/Library/Frameworks/CoreLocation.framework; sourceTree = SDKROOT; };
		ED33DF2A687741AEAF9F8254 /* Bridging-Header.h */ = {isa = PBXFileReference; fileEncoding = 4; lastKnownFileType = sourcecode.c.h; path = "Bridging-Header.h"; sourceTree = "<group>"; };
		F00946277BCF4DA091532873 /* CDVIonicKeyboard.h */ = {isa = PBXFileReference; explicitFileType = undefined; fileEncoding = 4; includeInIndex = 0; lastKnownFileType = sourcecode.c.h; name = CDVIonicKeyboard.h; path = "cordova-plugin-ionic-keyboard/CDVIonicKeyboard.h"; sourceTree = "<group>"; };
		F39630B33C544C72A439D218 /* CDVInAppBrowser.h */ = {isa = PBXFileReference; explicitFileType = undefined; fileEncoding = 4; includeInIndex = 0; lastKnownFileType = sourcecode.c.h; name = CDVInAppBrowser.h; path = "cordova-plugin-inappbrowser/CDVInAppBrowser.h"; sourceTree = "<group>"; };
		F48999C076C8481D854EB1D1 /* ImageIO.framework */ = {isa = PBXFileReference; explicitFileType = undefined; fileEncoding = 9; includeInIndex = 0; lastKnownFileType = wrapper.framework; name = ImageIO.framework; path = System/Library/Frameworks/ImageIO.framework; sourceTree = SDKROOT; };
		F840E1F0165FE0F500CFE078 /* config.xml */ = {isa = PBXFileReference; lastKnownFileType = text.xml; name = config.xml; path = "Invite Smart/config.xml"; sourceTree = "<group>"; };
		F8F65F8127F74734B9D1C97E /* CDVApplePay.m */ = {isa = PBXFileReference; explicitFileType = undefined; fileEncoding = 4; includeInIndex = 0; lastKnownFileType = sourcecode.c.objc; name = CDVApplePay.m; path = "cordova-plugin-applepay/CDVApplePay.m"; sourceTree = "<group>"; };
		FA7447EAD9994967AC4A5CA9 /* CDVInAppBrowserOptions.h */ = {isa = PBXFileReference; explicitFileType = undefined; fileEncoding = 4; includeInIndex = 0; lastKnownFileType = sourcecode.c.h; name = CDVInAppBrowserOptions.h; path = "cordova-plugin-inappbrowser/CDVInAppBrowserOptions.h"; sourceTree = "<group>"; };
/* End PBXFileReference section */

/* Begin PBXFrameworksBuildPhase section */
		1D60588F0D05DD3D006BFB54 /* Frameworks */ = {
			isa = PBXFrameworksBuildPhase;
			buildActionMask = 2147483647;
			files = (
				301BF552109A68D80062928A /* libCordova.a in Frameworks */,
				010ACBA5C5524C84B2BD9820 /* PassKit.framework in Frameworks */,
				3FD3E18AD7EA4FC9B2383394 /* ImageIO.framework in Frameworks */,
				90390813CF344A4CAAFB4705 /* CoreLocation.framework in Frameworks */,
				29048AB7C55E4219A00A7081 /* AVFoundation.framework in Frameworks */,
				F074F4EB13A04000B2EB7DC7 /* StoreKit.framework in Frameworks */,
				A88BCDE6218E43C0949B81FE /* WebKit.framework in Frameworks */,
				61DC95DCA4374D8DAE1FDB56 /* Social.framework in Frameworks */,
				DFCE06D90D68472D9052C09A /* MessageUI.framework in Frameworks */,
			);
			runOnlyForDeploymentPostprocessing = 0;
		};
/* End PBXFrameworksBuildPhase section */

/* Begin PBXGroup section */
		080E96DDFE201D6D7F000001 /* Classes */ = {
			isa = PBXGroup;
			children = (
				302D95EE14D2391D003F00A1 /* MainViewController.h */,
				302D95EF14D2391D003F00A1 /* MainViewController.m */,
				302D95F014D2391D003F00A1 /* MainViewController.xib */,
				1D3623240D0F684500981E51 /* AppDelegate.h */,
				1D3623250D0F684500981E51 /* AppDelegate.m */,
			);
			name = Classes;
			path = "Invite Smart/Classes";
			sourceTree = SOURCE_ROOT;
		};
		19C28FACFE9D520D11CA2CBB /* Products */ = {
			isa = PBXGroup;
			children = (
				1D6058910D05DD3D006BFB54 /* Invite Smart.app */,
			);
			name = Products;
			sourceTree = "<group>";
		};
		29B97314FDCFA39411CA2CEA /* CustomTemplate */ = {
			isa = PBXGroup;
			children = (
				EB87FDF41871DAF40020F90C /* config.xml */,
				EB87FDF31871DA8E0020F90C /* www */,
				EB87FDF11871DA420020F90C /* Staging */,
				301BF52D109A57CC0062928A /* CordovaLib.xcodeproj */,
				080E96DDFE201D6D7F000001 /* Classes */,
				307C750510C5A3420062BCA9 /* Plugins */,
				29B97315FDCFA39411CA2CEA /* Other Sources */,
				29B97317FDCFA39411CA2CEA /* Resources */,
				29B97323FDCFA39411CA2CEA /* Frameworks */,
				19C28FACFE9D520D11CA2CBB /* Products */,
			);
			name = CustomTemplate;
			sourceTree = "<group>";
		};
		29B97315FDCFA39411CA2CEA /* Other Sources */ = {
			isa = PBXGroup;
			children = (
				32CA4F630368D1EE00C91783 /* Invite Smart-Prefix.pch */,
				29B97316FDCFA39411CA2CEA /* main.m */,
				ED33DF2A687741AEAF9F8254 /* Bridging-Header.h */,
			);
			name = "Other Sources";
			path = "Invite Smart";
			sourceTree = "<group>";
		};
		29B97317FDCFA39411CA2CEA /* Resources */ = {
			isa = PBXGroup;
			children = (
				0207DA571B56EA530066E2B4 /* Images.xcassets */,
				3047A50E1AB8057F00498E2A /* config */,
				8D1107310486CEB800E47090 /* Invite Smart-Info.plist */,
				6AFF5BF81D6E424B00AB3073 /* CDVLaunchScreen.storyboard */,
			);
			name = Resources;
			path = "Invite Smart/Resources";
			sourceTree = "<group>";
		};
		29B97323FDCFA39411CA2CEA /* Frameworks */ = {
			isa = PBXGroup;
			children = (
				221AB6B4405B4AE9B5D0B909 /* PassKit.framework */,
				F48999C076C8481D854EB1D1 /* ImageIO.framework */,
				EB9B2932B12F44688FFF789B /* CoreLocation.framework */,
				4EE9B07E793C47768B2E754B /* AVFoundation.framework */,
				23537527260D4C8BBB31B4BF /* StoreKit.framework */,
				B833433C8CE34C859B51140E /* WebKit.framework */,
				8F6969AD10314EE0A21D7E63 /* Social.framework */,
				5426EE26170D4E868EB8517B /* MessageUI.framework */,
			);
			name = Frameworks;
			sourceTree = "<group>";
		};
		301BF52E109A57CC0062928A /* Products */ = {
			isa = PBXGroup;
			children = (
				301BF535109A57CC0062928A /* libCordova.a */,
				907D8124214C687600058A10 /* Cordova.framework */,
			);
			name = Products;
			sourceTree = "<group>";
		};
		3047A50E1AB8057F00498E2A /* config */ = {
			isa = PBXGroup;
			children = (
				3047A50F1AB8059700498E2A /* build-debug.xcconfig */,
				3047A5101AB8059700498E2A /* build-release.xcconfig */,
				3047A5111AB8059700498E2A /* build.xcconfig */,
			);
			name = config;
			sourceTree = "<group>";
		};
		307C750510C5A3420062BCA9 /* Plugins */ = {
			isa = PBXGroup;
			children = (
				217B83F397754663B22334A4 /* Screenshot.m */,
				01173DCE882B450AB438CAFD /* Screenshot.h */,
				F8F65F8127F74734B9D1C97E /* CDVApplePay.m */,
				0776122C2FD545C29B4A56FC /* CDVApplePay.h */,
				885D0B57681E467CB82C7D7B /* UIImage+CropScaleOrientation.m */,
				E63ED84C2EF5449CA5557B77 /* CDVCamera.m */,
				81E0EDFE3A8E422B9985303B /* CDVJpegHeaderWriter.m */,
				521778D61BB140F9ABC1F6D2 /* UIImage+CropScaleOrientation.h */,
				8FAFC96D01FA46488F8EF860 /* CDVCamera.h */,
				2345F132FB56447AA8952E65 /* CDVJpegHeaderWriter.h */,
				9B3E20BCA57241A0B1AA32EC /* CDVExif.h */,
				36CDE67513024C9C9218D1FE /* CDVDevice.m */,
				5608129245EA436E9A88F529 /* CDVDevice.h */,
				1D6688FC1DD14937AB154954 /* CDVFile.m */,
				819F2E4EB7A24ECD8B22A9F4 /* CDVLocalFilesystem.m */,
				A1545A6A55B248F68747A9AF /* CDVAssetLibraryFilesystem.m */,
				4B59E55EE90444CFAAA03BCB /* CDVFile.h */,
				BEB3C4028F754C8B9682CB32 /* CDVLocalFilesystem.h */,
				3A4BBE985E6E45A38AD81757 /* CDVAssetLibraryFilesystem.h */,
				D70E7554BAB34D4F9F077C8B /* CDVFileTransfer.m */,
				C5763DF5F5E0405F80DE584B /* CDVFileTransfer.h */,
				81BAD786C7FD4732A52F24CE /* CDVInAppBrowser.m */,
				A2ECC56D371C4FC2A3AB6379 /* CDVInAppBrowserOptions.m */,
				054A08809C9B4A958BCFA228 /* CDVInAppBrowserNavigationController.m */,
				86D3FC853AF1414AAA4DC7E9 /* CDVUIInAppBrowser.m */,
				91EEBA1FCCC84B5394DA1B8F /* CDVWKInAppBrowser.m */,
				2EC1DEC38DE9464FB8948E63 /* CDVWKInAppBrowserUIDelegate.m */,
				F39630B33C544C72A439D218 /* CDVInAppBrowser.h */,
				FA7447EAD9994967AC4A5CA9 /* CDVInAppBrowserOptions.h */,
				D6FC836E033D4857BDE83B5A /* CDVInAppBrowserNavigationController.h */,
				D277DD737D9645B8B3DFC25E /* CDVUIInAppBrowser.h */,
				9EC447225A9C43078A4B09D1 /* CDVWKInAppBrowser.h */,
				6FE2E01C8FC943A4AB8F2536 /* CDVWKInAppBrowserUIDelegate.h */,
				4B2431662C8846F3B4AD4945 /* RMStore.m */,
				5DF4C72672C54B52B9D2A506 /* PaymentsPlugin.m */,
				2BEEF87215764E02866A7FE8 /* RMStore.h */,
				BED81B890E30418B96025B41 /* PaymentsPlugin.h */,
				0963B7A04A6240319373DB7B /* CDVIonicKeyboard.m */,
				F00946277BCF4DA091532873 /* CDVIonicKeyboard.h */,
				044C5E950E6A4E6C99C60412 /* CDVWKWebViewEngine.m */,
				9F2B25CA0F3A43C590977769 /* CDVWKWebViewUIDelegate.m */,
				BBAC050BAE5747D59105194B /* CDVWKProcessPoolFactory.m */,
				13694CBE3B534C30866D79DE /* IONAssetHandler.m */,
				AB4BA1CC36D5481788FF64BF /* CDVWKWebViewEngine.h */,
				5C74848E0A2842CE8CF6EC19 /* CDVWKWebViewUIDelegate.h */,
				3BAACC0AF3A74631BF398FFB /* CDVWKProcessPoolFactory.h */,
				3D83D86257714105842EE13E /* IONAssetHandler.h */,
				1F6BD9C43E20472AA745D6A7 /* QRScanner.swift */,
				0E7ABB55A8FA456C8AA72574 /* CDVSplashScreen.m */,
				DCAE4E0F2058413EABF57B8C /* CDVViewController+SplashScreen.m */,
				2B51309BD0E64E4284A3C1BF /* CDVSplashScreen.h */,
				15209D5AD4C2453A99AA4F6B /* CDVViewController+SplashScreen.h */,
				59DCAF27149A4D32AB786334 /* CDVStatusBar.m */,
				55A608FF796943A89CC0C9E4 /* CDVStatusBar.h */,
				88624CE1F5714DCE9500397C /* NSString+SSURLEncoding.m */,
				0B1FF59A2B894EAD8BFAF5B6 /* SocialSharing.m */,
				9A0FB34C034E444CBA93FB6D /* NSString+SSURLEncoding.h */,
				78CCBBDF662247BCB76ABF80 /* SocialSharing.h */,
			);
			name = Plugins;
			path = "Invite Smart/Plugins";
			sourceTree = SOURCE_ROOT;
		};
		EB87FDF11871DA420020F90C /* Staging */ = {
			isa = PBXGroup;
			children = (
				F840E1F0165FE0F500CFE078 /* config.xml */,
				301BF56E109A69640062928A /* www */,
			);
			name = Staging;
			sourceTree = "<group>";
		};
/* End PBXGroup section */

/* Begin PBXNativeTarget section */
		1D6058900D05DD3D006BFB54 /* Invite Smart */ = {
			isa = PBXNativeTarget;
			buildConfigurationList = 1D6058960D05DD3E006BFB54 /* Build configuration list for PBXNativeTarget "Invite Smart" */;
			buildPhases = (
				304B58A110DAC018002A0835 /* Copy www directory */,
				1D60588D0D05DD3D006BFB54 /* Resources */,
				1D60588E0D05DD3D006BFB54 /* Sources */,
				1D60588F0D05DD3D006BFB54 /* Frameworks */,
			);
			buildRules = (
			);
			dependencies = (
				301BF551109A68C00062928A /* PBXTargetDependency */,
			);
			name = "Invite Smart";
			productName = "Invite Smart";
			productReference = 1D6058910D05DD3D006BFB54 /* Invite Smart.app */;
			productType = "com.apple.product-type.application";
		};
/* End PBXNativeTarget section */

/* Begin PBXProject section */
		29B97313FDCFA39411CA2CEA /* Project object */ = {
			isa = PBXProject;
			attributes = {
				LastUpgradeCheck = 510;
				TargetAttributes = {
					1D6058900D05DD3D006BFB54 = {
						DevelopmentTeam = TB733749DV;
					};
				};
			};
			buildConfigurationList = C01FCF4E08A954540054247B /* Build configuration list for PBXProject "Invite Smart" */;
			compatibilityVersion = "Xcode 3.2";
			developmentRegion = English;
			hasScannedForEncodings = 1;
			knownRegions = (
				English,
				en,
				Base,
			);
			mainGroup = 29B97314FDCFA39411CA2CEA /* CustomTemplate */;
			projectDirPath = "";
			projectReferences = (
				{
					ProductGroup = 301BF52E109A57CC0062928A /* Products */;
					ProjectRef = 301BF52D109A57CC0062928A /* CordovaLib.xcodeproj */;
				},
			);
			projectRoot = "";
			targets = (
				1D6058900D05DD3D006BFB54 /* Invite Smart */,
			);
		};
/* End PBXProject section */

/* Begin PBXReferenceProxy section */
		301BF535109A57CC0062928A /* libCordova.a */ = {
			isa = PBXReferenceProxy;
			fileType = archive.ar;
			path = libCordova.a;
			remoteRef = 301BF534109A57CC0062928A /* PBXContainerItemProxy */;
			sourceTree = BUILT_PRODUCTS_DIR;
		};
		907D8124214C687600058A10 /* Cordova.framework */ = {
			isa = PBXReferenceProxy;
			fileType = wrapper.framework;
			path = Cordova.framework;
			remoteRef = 907D8123214C687600058A10 /* PBXContainerItemProxy */;
			sourceTree = BUILT_PRODUCTS_DIR;
		};
/* End PBXReferenceProxy section */

/* Begin PBXResourcesBuildPhase section */
		1D60588D0D05DD3D006BFB54 /* Resources */ = {
			isa = PBXResourcesBuildPhase;
			buildActionMask = 2147483647;
			files = (
				302D95F214D2391D003F00A1 /* MainViewController.xib in Resources */,
				0207DA581B56EA530066E2B4 /* Images.xcassets in Resources */,
				6AFF5BF91D6E424B00AB3073 /* CDVLaunchScreen.storyboard in Resources */,
			);
			runOnlyForDeploymentPostprocessing = 0;
		};
/* End PBXResourcesBuildPhase section */

/* Begin PBXShellScriptBuildPhase section */
		304B58A110DAC018002A0835 /* Copy www directory */ = {
			isa = PBXShellScriptBuildPhase;
			buildActionMask = 2147483647;
			files = (
			);
			inputPaths = (
			);
			name = "Copy www directory";
			outputPaths = (
			);
			runOnlyForDeploymentPostprocessing = 0;
			shellPath = /bin/sh;
			shellScript = "\"$SRCROOT/Invite Smart/Scripts/copy-www-build-step.sh\"";
			showEnvVarsInLog = 0;
		};
/* End PBXShellScriptBuildPhase section */

/* Begin PBXSourcesBuildPhase section */
		1D60588E0D05DD3D006BFB54 /* Sources */ = {
			isa = PBXSourcesBuildPhase;
			buildActionMask = 2147483647;
			files = (
				1D60589B0D05DD56006BFB54 /* main.m in Sources */,
				1D3623260D0F684500981E51 /* AppDelegate.m in Sources */,
				302D95F114D2391D003F00A1 /* MainViewController.m in Sources */,
				CB150C25C1AB4DF19D1730F8 /* Screenshot.m in Sources */,
				E19AD5FD25AC4C92B652D2A2 /* CDVApplePay.m in Sources */,
				CB73DFF3E216471489782428 /* UIImage+CropScaleOrientation.m in Sources */,
				06C19F73385A4C99B122D9E6 /* CDVCamera.m in Sources */,
				33C717298684433795052517 /* CDVJpegHeaderWriter.m in Sources */,
				3722F13F92F64EFABCA2B67D /* CDVDevice.m in Sources */,
				5DE347E474544CD28F9B0A10 /* CDVFile.m in Sources */,
				FCCE3A9C33A6425BAF9D8362 /* CDVLocalFilesystem.m in Sources */,
				792C1A823BBF4484AF7E5554 /* CDVAssetLibraryFilesystem.m in Sources */,
				406737055FB6491888BEE8B2 /* CDVFileTransfer.m in Sources */,
				C392F4DB490345068F252BD8 /* CDVInAppBrowser.m in Sources */,
				FD1D380EF92C4EBB913D3C1A /* CDVInAppBrowserOptions.m in Sources */,
				6F8C2728C0EF402982A29203 /* CDVInAppBrowserNavigationController.m in Sources */,
				1D98DC73363044199C0D8A32 /* CDVUIInAppBrowser.m in Sources */,
				2A64B1D6D0014778A260AFD3 /* CDVWKInAppBrowser.m in Sources */,
				8C07803FB15C4228BB5216C4 /* CDVWKInAppBrowserUIDelegate.m in Sources */,
				09F9D10DD9AC4356A7C7B0C0 /* RMStore.m in Sources */,
				B2AA58D067054B0C9CA0FC19 /* PaymentsPlugin.m in Sources */,
				8872C05FD6C24E308FB573E6 /* CDVIonicKeyboard.m in Sources */,
				9A01CDB2B1C74C3597BE515F /* CDVWKWebViewEngine.m in Sources */,
				85D625E7EB9243348FA7000F /* CDVWKWebViewUIDelegate.m in Sources */,
				8DE41E05BDF14DB58D98A08B /* CDVWKProcessPoolFactory.m in Sources */,
				E6AA62D89DC84569A7656DEF /* IONAssetHandler.m in Sources */,
				E7098BE079914D2C95F36569 /* QRScanner.swift in Sources */,
				56B3991D440A413984B6D889 /* CDVSplashScreen.m in Sources */,
				FDFB4736279A4706977447C0 /* CDVViewController+SplashScreen.m in Sources */,
				AD043DD42600475B95984C28 /* CDVStatusBar.m in Sources */,
				7E7F3C4520F5494AA9A04EEA /* NSString+SSURLEncoding.m in Sources */,
				C8ED8417040B4ECD86AD679E /* SocialSharing.m in Sources */,
			);
			runOnlyForDeploymentPostprocessing = 0;
		};
/* End PBXSourcesBuildPhase section */

/* Begin PBXTargetDependency section */
		301BF551109A68C00062928A /* PBXTargetDependency */ = {
			isa = PBXTargetDependency;
			name = CordovaLib;
			targetProxy = 301BF550109A68C00062928A /* PBXContainerItemProxy */;
		};
/* End PBXTargetDependency section */

/* Begin XCBuildConfiguration section */
		1D6058940D05DD3E006BFB54 /* Debug */ = {
			isa = XCBuildConfiguration;
			baseConfigurationReference = 3047A50F1AB8059700498E2A /* build-debug.xcconfig */;
			buildSettings = {
				ALWAYS_EMBED_SWIFT_STANDARD_LIBRARIES = YES;
				ALWAYS_SEARCH_USER_PATHS = NO;
				ASSETCATALOG_COMPILER_APPICON_NAME = AppIcon;
				ASSETCATALOG_COMPILER_LAUNCHIMAGE_NAME = LaunchImage;
				CLANG_ENABLE_MODULES = YES;
				CLANG_ENABLE_OBJC_ARC = YES;
				COPY_PHASE_STRIP = NO;
				CURRENT_PROJECT_VERSION = 1;
				DEVELOPMENT_TEAM = TB733749DV;
				GCC_DYNAMIC_NO_PIC = NO;
				GCC_OPTIMIZATION_LEVEL = 0;
				GCC_PRECOMPILE_PREFIX_HEADER = YES;
				GCC_PREFIX_HEADER = "Invite Smart/Invite Smart-Prefix.pch";
				GCC_THUMB_SUPPORT = NO;
				GCC_VERSION = "";
				INFOPLIST_FILE = "Invite Smart/Invite Smart-Info.plist";
				IPHONEOS_DEPLOYMENT_TARGET = 11.0;
				LD_RUNPATH_SEARCH_PATHS = "@executable_path/Frameworks";
				MARKETING_VERSION = 28;
				PRODUCT_BUNDLE_IDENTIFIER = com.invitesmart1234;
				PRODUCT_NAME = "$(TARGET_NAME)";
				SWIFT_OBJC_BRIDGING_HEADER = "$(PROJECT_DIR)/$(PROJECT_NAME)/Bridging-Header.h";
				SWIFT_OPTIMIZATION_LEVEL = "-Onone";
				SWIFT_VERSION = 4.2;
				TARGETED_DEVICE_FAMILY = "1,2";
			};
			name = Debug;
		};
		1D6058950D05DD3E006BFB54 /* Release */ = {
			isa = XCBuildConfiguration;
			baseConfigurationReference = 3047A5101AB8059700498E2A /* build-release.xcconfig */;
			buildSettings = {
				ALWAYS_EMBED_SWIFT_STANDARD_LIBRARIES = YES;
				ALWAYS_SEARCH_USER_PATHS = NO;
				ASSETCATALOG_COMPILER_APPICON_NAME = AppIcon;
				ASSETCATALOG_COMPILER_LAUNCHIMAGE_NAME = LaunchImage;
				CLANG_ENABLE_MODULES = YES;
				CLANG_ENABLE_OBJC_ARC = YES;
				CODE_SIGN_IDENTITY = "Apple Development";
				CODE_SIGN_STYLE = Automatic;
				COPY_PHASE_STRIP = YES;
				CURRENT_PROJECT_VERSION = 1;
				DEVELOPMENT_TEAM = TB733749DV;
				GCC_PRECOMPILE_PREFIX_HEADER = YES;
				GCC_PREFIX_HEADER = "Invite Smart/Invite Smart-Prefix.pch";
				GCC_THUMB_SUPPORT = NO;
				GCC_VERSION = "";
				INFOPLIST_FILE = "Invite Smart/Invite Smart-Info.plist";
				IPHONEOS_DEPLOYMENT_TARGET = 11.0;
				LD_RUNPATH_SEARCH_PATHS = "@executable_path/Frameworks";
				MARKETING_VERSION = 28;
				PRODUCT_BUNDLE_IDENTIFIER = com.invitesmart1234;
				PRODUCT_NAME = "$(TARGET_NAME)";
				PROVISIONING_PROFILE_SPECIFIER = "";
				SWIFT_OBJC_BRIDGING_HEADER = "$(PROJECT_DIR)/$(PROJECT_NAME)/Bridging-Header.h";
				SWIFT_VERSION = 4.2;
				TARGETED_DEVICE_FAMILY = "1,2";
			};
			name = Release;
		};
		C01FCF4F08A954540054247B /* Debug */ = {
			isa = XCBuildConfiguration;
			baseConfigurationReference = 3047A5111AB8059700498E2A /* build.xcconfig */;
			buildSettings = {
				ALWAYS_EMBED_SWIFT_STANDARD_LIBRARIES = YES;
				CLANG_ENABLE_MODULES = YES;
				CLANG_ENABLE_OBJC_ARC = YES;
				CLANG_WARN_BLOCK_CAPTURE_AUTORELEASING = YES;
				CLANG_WARN_BOOL_CONVERSION = YES;
				CLANG_WARN_COMMA = YES;
				CLANG_WARN_CONSTANT_CONVERSION = YES;
				CLANG_WARN_DEPRECATED_OBJC_IMPLEMENTATIONS = YES;
				CLANG_WARN_EMPTY_BODY = YES;
				CLANG_WARN_ENUM_CONVERSION = YES;
				CLANG_WARN_INFINITE_RECURSION = YES;
				CLANG_WARN_INT_CONVERSION = YES;
				CLANG_WARN_NON_LITERAL_NULL_CONVERSION = YES;
				CLANG_WARN_OBJC_IMPLICIT_RETAIN_SELF = YES;
				CLANG_WARN_OBJC_LITERAL_CONVERSION = YES;
				CLANG_WARN_RANGE_LOOP_ANALYSIS = YES;
				CLANG_WARN_STRICT_PROTOTYPES = YES;
				CLANG_WARN_SUSPICIOUS_MOVE = YES;
				CLANG_WARN_UNREACHABLE_CODE = YES;
				CLANG_WARN__DUPLICATE_METHOD_MATCH = YES;
				ENABLE_STRICT_OBJC_MSGSEND = YES;
				ENABLE_TESTABILITY = YES;
				GCC_C_LANGUAGE_STANDARD = c99;
				GCC_NO_COMMON_BLOCKS = YES;
				GCC_THUMB_SUPPORT = NO;
				GCC_VERSION = "";
				GCC_WARN_64_TO_32_BIT_CONVERSION = YES;
				GCC_WARN_ABOUT_RETURN_TYPE = YES;
				GCC_WARN_UNDECLARED_SELECTOR = YES;
				GCC_WARN_UNINITIALIZED_AUTOS = YES;
				GCC_WARN_UNUSED_FUNCTION = YES;
				GCC_WARN_UNUSED_VARIABLE = YES;
				IPHONEOS_DEPLOYMENT_TARGET = 11.0;
				ONLY_ACTIVE_ARCH = YES;
				PRODUCT_BUNDLE_IDENTIFIER = com.invitesmart1234;
				SDKROOT = iphoneos;
				SKIP_INSTALL = NO;
				SWIFT_OBJC_BRIDGING_HEADER = "$(PROJECT_DIR)/$(PROJECT_NAME)/Bridging-Header.h";
				SWIFT_OPTIMIZATION_LEVEL = "-Onone";
				SWIFT_VERSION = 4.2;
				WK_WEB_VIEW_ONLY = 0;
			};
			name = Debug;
		};
		C01FCF5008A954540054247B /* Release */ = {
			isa = XCBuildConfiguration;
			baseConfigurationReference = 3047A5111AB8059700498E2A /* build.xcconfig */;
			buildSettings = {
				ALWAYS_EMBED_SWIFT_STANDARD_LIBRARIES = YES;
				CLANG_ENABLE_MODULES = YES;
				CLANG_ENABLE_OBJC_ARC = YES;
				CLANG_WARN_BLOCK_CAPTURE_AUTORELEASING = YES;
				CLANG_WARN_BOOL_CONVERSION = YES;
				CLANG_WARN_COMMA = YES;
				CLANG_WARN_CONSTANT_CONVERSION = YES;
				CLANG_WARN_DEPRECATED_OBJC_IMPLEMENTATIONS = YES;
				CLANG_WARN_EMPTY_BODY = YES;
				CLANG_WARN_ENUM_CONVERSION = YES;
				CLANG_WARN_INFINITE_RECURSION = YES;
				CLANG_WARN_INT_CONVERSION = YES;
				CLANG_WARN_NON_LITERAL_NULL_CONVERSION = YES;
				CLANG_WARN_OBJC_IMPLICIT_RETAIN_SELF = YES;
				CLANG_WARN_OBJC_LITERAL_CONVERSION = YES;
				CLANG_WARN_RANGE_LOOP_ANALYSIS = YES;
				CLANG_WARN_STRICT_PROTOTYPES = YES;
				CLANG_WARN_SUSPICIOUS_MOVE = YES;
				CLANG_WARN_UNREACHABLE_CODE = YES;
				CLANG_WARN__DUPLICATE_METHOD_MATCH = YES;
				ENABLE_STRICT_OBJC_MSGSEND = YES;
				GCC_C_LANGUAGE_STANDARD = c99;
				GCC_NO_COMMON_BLOCKS = YES;
				GCC_THUMB_SUPPORT = NO;
				GCC_VERSION = "";
				GCC_WARN_64_TO_32_BIT_CONVERSION = YES;
				GCC_WARN_ABOUT_RETURN_TYPE = YES;
				GCC_WARN_UNDECLARED_SELECTOR = YES;
				GCC_WARN_UNINITIALIZED_AUTOS = YES;
				GCC_WARN_UNUSED_FUNCTION = YES;
				GCC_WARN_UNUSED_VARIABLE = YES;
				IPHONEOS_DEPLOYMENT_TARGET = 11.0;
				PRODUCT_BUNDLE_IDENTIFIER = com.invitesmart1234;
				SDKROOT = iphoneos;
				SKIP_INSTALL = NO;
				SWIFT_OBJC_BRIDGING_HEADER = "$(PROJECT_DIR)/$(PROJECT_NAME)/Bridging-Header.h";
				SWIFT_VERSION = 4.2;
				WK_WEB_VIEW_ONLY = 0;
			};
			name = Release;
		};
/* End XCBuildConfiguration section */

/* Begin XCConfigurationList section */
		1D6058960D05DD3E006BFB54 /* Build configuration list for PBXNativeTarget "Invite Smart" */ = {
			isa = XCConfigurationList;
			buildConfigurations = (
				1D6058940D05DD3E006BFB54 /* Debug */,
				1D6058950D05DD3E006BFB54 /* Release */,
			);
			defaultConfigurationIsVisible = 0;
			defaultConfigurationName = Release;
		};
		C01FCF4E08A954540054247B /* Build configuration list for PBXProject "Invite Smart" */ = {
			isa = XCConfigurationList;
			buildConfigurations = (
				C01FCF4F08A954540054247B /* Debug */,
				C01FCF5008A954540054247B /* Release */,
			);
			defaultConfigurationIsVisible = 0;
			defaultConfigurationName = Release;
		};
/* End XCConfigurationList section */
	};
	rootObject = 29B97313FDCFA39411CA2CEA /* Project object */;
}
